// !$*UTF8*$!
{
	archiveVersion = 1;
	classes = {
	};
	objectVersion = 50;
	objects = {

/* Begin PBXBuildFile section */
		030D590B99EF320C91AE53C9 /* Pods_DBBackground.framework in Frameworks */ = {isa = PBXBuildFile; fileRef = 98A6F18B54CFF1E7820326E7 /* Pods_DBBackground.framework */; };
		F146A1E5225030ED00EC8C68 /* AppDelegate.swift in Sources */ = {isa = PBXBuildFile; fileRef = F146A1E4225030ED00EC8C68 /* AppDelegate.swift */; };
		F146A1E7225030ED00EC8C68 /* ViewController.swift in Sources */ = {isa = PBXBuildFile; fileRef = F146A1E6225030ED00EC8C68 /* ViewController.swift */; };
		F146A1EA225030ED00EC8C68 /* Main.storyboard in Resources */ = {isa = PBXBuildFile; fileRef = F146A1E8225030ED00EC8C68 /* Main.storyboard */; };
		F146A1EC225030EE00EC8C68 /* Assets.xcassets in Resources */ = {isa = PBXBuildFile; fileRef = F146A1EB225030EE00EC8C68 /* Assets.xcassets */; };
		F146A1EF225030EE00EC8C68 /* LaunchScreen.storyboard in Resources */ = {isa = PBXBuildFile; fileRef = F146A1ED225030EE00EC8C68 /* LaunchScreen.storyboard */; };
/* End PBXBuildFile section */

/* Begin PBXFileReference section */
		98A6F18B54CFF1E7820326E7 /* Pods_DBBackground.framework */ = {isa = PBXFileReference; explicitFileType = wrapper.framework; includeInIndex = 0; path = Pods_DBBackground.framework; sourceTree = BUILT_PRODUCTS_DIR; };
		EDF08F4AA2F6DFFD5E894142 /* Pods-DBBackground.debug.xcconfig */ = {isa = PBXFileReference; includeInIndex = 1; lastKnownFileType = text.xcconfig; name = "Pods-DBBackground.debug.xcconfig"; path = "Pods/Target Support Files/Pods-DBBackground/Pods-DBBackground.debug.xcconfig"; sourceTree = "<group>"; };
		EEACD4A978F01A3165A0AD10 /* Pods-DBBackground.release.xcconfig */ = {isa = PBXFileReference; includeInIndex = 1; lastKnownFileType = text.xcconfig; name = "Pods-DBBackground.release.xcconfig"; path = "Pods/Target Support Files/Pods-DBBackground/Pods-DBBackground.release.xcconfig"; sourceTree = "<group>"; };
		F146A1E1225030ED00EC8C68 /* DBBackground.app */ = {isa = PBXFileReference; explicitFileType = wrapper.application; includeInIndex = 0; path = DBBackground.app; sourceTree = BUILT_PRODUCTS_DIR; };
		F146A1E4225030ED00EC8C68 /* AppDelegate.swift */ = {isa = PBXFileReference; lastKnownFileType = sourcecode.swift; path = AppDelegate.swift; sourceTree = "<group>"; };
		F146A1E6225030ED00EC8C68 /* ViewController.swift */ = {isa = PBXFileReference; lastKnownFileType = sourcecode.swift; path = ViewController.swift; sourceTree = "<group>"; };
		F146A1E9225030ED00EC8C68 /* Base */ = {isa = PBXFileReference; lastKnownFileType = file.storyboard; name = Base; path = Base.lproj/Main.storyboard; sourceTree = "<group>"; };
		F146A1EB225030EE00EC8C68 /* Assets.xcassets */ = {isa = PBXFileReference; lastKnownFileType = folder.assetcatalog; path = Assets.xcassets; sourceTree = "<group>"; };
		F146A1EE225030EE00EC8C68 /* Base */ = {isa = PBXFileReference; lastKnownFileType = file.storyboard; name = Base; path = Base.lproj/LaunchScreen.storyboard; sourceTree = "<group>"; };
		F146A1F0225030EE00EC8C68 /* Info.plist */ = {isa = PBXFileReference; lastKnownFileType = text.plist.xml; path = Info.plist; sourceTree = "<group>"; };
/* End PBXFileReference section */

/* Begin PBXFrameworksBuildPhase section */
		F146A1DE225030ED00EC8C68 /* Frameworks */ = {
			isa = PBXFrameworksBuildPhase;
			buildActionMask = 2147483647;
			files = (
				030D590B99EF320C91AE53C9 /* Pods_DBBackground.framework in Frameworks */,
			);
			runOnlyForDeploymentPostprocessing = 0;
		};
/* End PBXFrameworksBuildPhase section */

/* Begin PBXGroup section */
		0C9475226EBCAFB30B321EC9 /* Pods */ = {
			isa = PBXGroup;
			children = (
				EDF08F4AA2F6DFFD5E894142 /* Pods-DBBackground.debug.xcconfig */,
				EEACD4A978F01A3165A0AD10 /* Pods-DBBackground.release.xcconfig */,
			);
			name = Pods;
			sourceTree = "<group>";
		};
		A3A00CE48C91A381C17A9807 /* Frameworks */ = {
			isa = PBXGroup;
			children = (
				98A6F18B54CFF1E7820326E7 /* Pods_DBBackground.framework */,
			);
			name = Frameworks;
			sourceTree = "<group>";
		};
		F146A1D8225030ED00EC8C68 = {
			isa = PBXGroup;
			children = (
				F146A1E3225030ED00EC8C68 /* DBBackground */,
				F146A1E2225030ED00EC8C68 /* Products */,
				0C9475226EBCAFB30B321EC9 /* Pods */,
				A3A00CE48C91A381C17A9807 /* Frameworks */,
			);
			sourceTree = "<group>";
		};
		F146A1E2225030ED00EC8C68 /* Products */ = {
			isa = PBXGroup;
			children = (
				F146A1E1225030ED00EC8C68 /* DBBackground.app */,
			);
			name = Products;
			sourceTree = "<group>";
		};
		F146A1E3225030ED00EC8C68 /* DBBackground */ = {
			isa = PBXGroup;
			children = (
				F146A1E4225030ED00EC8C68 /* AppDelegate.swift */,
				F146A1E6225030ED00EC8C68 /* ViewController.swift */,
				F146A1E8225030ED00EC8C68 /* Main.storyboard */,
				F146A1EB225030EE00EC8C68 /* Assets.xcassets */,
				F146A1ED225030EE00EC8C68 /* LaunchScreen.storyboard */,
				F146A1F0225030EE00EC8C68 /* Info.plist */,
			);
			path = DBBackground;
			sourceTree = "<group>";
		};
/* End PBXGroup section */

/* Begin PBXNativeTarget section */
		F146A1E0225030ED00EC8C68 /* DBBackground */ = {
			isa = PBXNativeTarget;
			buildConfigurationList = F146A1F3225030EE00EC8C68 /* Build configuration list for PBXNativeTarget "DBBackground" */;
			buildPhases = (
				D195D3B70D8BBD3196AFD46D /* [CP] Check Pods Manifest.lock */,
				F146A1DD225030ED00EC8C68 /* Sources */,
				F146A1DE225030ED00EC8C68 /* Frameworks */,
				F146A1DF225030ED00EC8C68 /* Resources */,
				FBAAF49EC26886CD20ED14BF /* [CP] Embed Pods Frameworks */,
			);
			buildRules = (
			);
			dependencies = (
			);
			name = DBBackground;
			productName = DBBackground;
			productReference = F146A1E1225030ED00EC8C68 /* DBBackground.app */;
			productType = "com.apple.product-type.application";
		};
/* End PBXNativeTarget section */

/* Begin PBXProject section */
		F146A1D9225030ED00EC8C68 /* Project object */ = {
			isa = PBXProject;
			attributes = {
				LastSwiftUpdateCheck = 1020;
				LastUpgradeCheck = 1020;
				ORGANIZATIONNAME = "Helmut Strey";
				TargetAttributes = {
					F146A1E0225030ED00EC8C68 = {
						CreatedOnToolsVersion = 10.2;
						SystemCapabilities = {
							com.apple.BackgroundModes = {
								enabled = 1;
							};
						};
					};
				};
			};
			buildConfigurationList = F146A1DC225030ED00EC8C68 /* Build configuration list for PBXProject "DBBackground" */;
			compatibilityVersion = "Xcode 9.3";
			developmentRegion = en;
			hasScannedForEncodings = 0;
			knownRegions = (
				en,
				Base,
			);
			mainGroup = F146A1D8225030ED00EC8C68;
			productRefGroup = F146A1E2225030ED00EC8C68 /* Products */;
			projectDirPath = "";
			projectRoot = "";
			targets = (
				F146A1E0225030ED00EC8C68 /* DBBackground */,
			);
		};
/* End PBXProject section */

/* Begin PBXResourcesBuildPhase section */
		F146A1DF225030ED00EC8C68 /* Resources */ = {
			isa = PBXResourcesBuildPhase;
			buildActionMask = 2147483647;
			files = (
				F146A1EF225030EE00EC8C68 /* LaunchScreen.storyboard in Resources */,
				F146A1EC225030EE00EC8C68 /* Assets.xcassets in Resources */,
				F146A1EA225030ED00EC8C68 /* Main.storyboard in Resources */,
			);
			runOnlyForDeploymentPostprocessing = 0;
		};
/* End PBXResourcesBuildPhase section */

/* Begin PBXShellScriptBuildPhase section */
		D195D3B70D8BBD3196AFD46D /* [CP] Check Pods Manifest.lock */ = {
			isa = PBXShellScriptBuildPhase;
			buildActionMask = 2147483647;
			files = (
			);
			inputFileListPaths = (
			);
			inputPaths = (
				"${PODS_PODFILE_DIR_PATH}/Podfile.lock",
				"${PODS_ROOT}/Manifest.lock",
			);
			name = "[CP] Check Pods Manifest.lock";
			outputFileListPaths = (
			);
			outputPaths = (
				"$(DERIVED_FILE_DIR)/Pods-DBBackground-checkManifestLockResult.txt",
			);
			runOnlyForDeploymentPostprocessing = 0;
			shellPath = /bin/sh;
			shellScript = "diff \"${PODS_PODFILE_DIR_PATH}/Podfile.lock\" \"${PODS_ROOT}/Manifest.lock\" > /dev/null\nif [ $? != 0 ] ; then\n    # print error to STDERR\n    echo \"error: The sandbox is not in sync with the Podfile.lock. Run 'pod install' or update your CocoaPods installation.\" >&2\n    exit 1\nfi\n# This output is used by Xcode 'outputs' to avoid re-running this script phase.\necho \"SUCCESS\" > \"${SCRIPT_OUTPUT_FILE_0}\"\n";
			showEnvVarsInLog = 0;
		};
		FBAAF49EC26886CD20ED14BF /* [CP] Embed Pods Frameworks */ = {
			isa = PBXShellScriptBuildPhase;
			buildActionMask = 2147483647;
			files = (
			);
			inputFileListPaths = (
			);
			inputPaths = (
				"${SRCROOT}/Pods/Target Support Files/Pods-DBBackground/Pods-DBBackground-frameworks.sh",
				"${BUILT_PRODUCTS_DIR}/Alamofire/Alamofire.framework",
				"${PODS_ROOT}/EstimoteBluetoothScanning/EstimoteBluetoothScanning/EstimoteBluetoothScanning.framework",
				"${PODS_ROOT}/EstimoteProximitySDK/EstimoteProximitySDK/EstimoteProximitySDK.framework",
				"${BUILT_PRODUCTS_DIR}/SwiftyDropbox/SwiftyDropbox.framework",
			);
			name = "[CP] Embed Pods Frameworks";
			outputFileListPaths = (
			);
			outputPaths = (
				"${TARGET_BUILD_DIR}/${FRAMEWORKS_FOLDER_PATH}/Alamofire.framework",
				"${TARGET_BUILD_DIR}/${FRAMEWORKS_FOLDER_PATH}/EstimoteBluetoothScanning.framework",
				"${TARGET_BUILD_DIR}/${FRAMEWORKS_FOLDER_PATH}/EstimoteProximitySDK.framework",
				"${TARGET_BUILD_DIR}/${FRAMEWORKS_FOLDER_PATH}/SwiftyDropbox.framework",
			);
			runOnlyForDeploymentPostprocessing = 0;
			shellPath = /bin/sh;
			shellScript = "\"${SRCROOT}/Pods/Target Support Files/Pods-DBBackground/Pods-DBBackground-frameworks.sh\"\n";
			showEnvVarsInLog = 0;
		};
/* End PBXShellScriptBuildPhase section */

/* Begin PBXSourcesBuildPhase section */
		F146A1DD225030ED00EC8C68 /* Sources */ = {
			isa = PBXSourcesBuildPhase;
			buildActionMask = 2147483647;
			files = (
				F146A1E7225030ED00EC8C68 /* ViewController.swift in Sources */,
				F146A1E5225030ED00EC8C68 /* AppDelegate.swift in Sources */,
			);
			runOnlyForDeploymentPostprocessing = 0;
		};
/* End PBXSourcesBuildPhase section */

/* Begin PBXVariantGroup section */
		F146A1E8225030ED00EC8C68 /* Main.storyboard */ = {
			isa = PBXVariantGroup;
			children = (
				F146A1E9225030ED00EC8C68 /* Base */,
			);
			name = Main.storyboard;
			sourceTree = "<group>";
		};
		F146A1ED225030EE00EC8C68 /* LaunchScreen.storyboard */ = {
			isa = PBXVariantGroup;
			children = (
				F146A1EE225030EE00EC8C68 /* Base */,
			);
			name = LaunchScreen.storyboard;
			sourceTree = "<group>";
		};
/* End PBXVariantGroup section */

/* Begin XCBuildConfiguration section */
		F146A1F1225030EE00EC8C68 /* Debug */ = {
			isa = XCBuildConfiguration;
			buildSettings = {
				ALWAYS_SEARCH_USER_PATHS = NO;
				CLANG_ANALYZER_NONNULL = YES;
				CLANG_ANALYZER_NUMBER_OBJECT_CONVERSION = YES_AGGRESSIVE;
				CLANG_CXX_LANGUAGE_STANDARD = "gnu++14";
				CLANG_CXX_LIBRARY = "libc++";
				CLANG_ENABLE_MODULES = YES;
				CLANG_ENABLE_OBJC_ARC = YES;
				CLANG_ENABLE_OBJC_WEAK = YES;
				CLANG_WARN_BLOCK_CAPTURE_AUTORELEASING = YES;
				CLANG_WARN_BOOL_CONVERSION = YES;
				CLANG_WARN_COMMA = YES;
				CLANG_WARN_CONSTANT_CONVERSION = YES;
				CLANG_WARN_DEPRECATED_OBJC_IMPLEMENTATIONS = YES;
				CLANG_WARN_DIRECT_OBJC_ISA_USAGE = YES_ERROR;
				CLANG_WARN_DOCUMENTATION_COMMENTS = YES;
				CLANG_WARN_EMPTY_BODY = YES;
				CLANG_WARN_ENUM_CONVERSION = YES;
				CLANG_WARN_INFINITE_RECURSION = YES;
				CLANG_WARN_INT_CONVERSION = YES;
				CLANG_WARN_NON_LITERAL_NULL_CONVERSION = YES;
				CLANG_WARN_OBJC_IMPLICIT_RETAIN_SELF = YES;
				CLANG_WARN_OBJC_LITERAL_CONVERSION = YES;
				CLANG_WARN_OBJC_ROOT_CLASS = YES_ERROR;
				CLANG_WARN_RANGE_LOOP_ANALYSIS = YES;
				CLANG_WARN_STRICT_PROTOTYPES = YES;
				CLANG_WARN_SUSPICIOUS_MOVE = YES;
				CLANG_WARN_UNGUARDED_AVAILABILITY = YES_AGGRESSIVE;
				CLANG_WARN_UNREACHABLE_CODE = YES;
				CLANG_WARN__DUPLICATE_METHOD_MATCH = YES;
				CODE_SIGN_IDENTITY = "iPhone Developer";
				COPY_PHASE_STRIP = NO;
				DEBUG_INFORMATION_FORMAT = dwarf;
				ENABLE_STRICT_OBJC_MSGSEND = YES;
				ENABLE_TESTABILITY = YES;
				GCC_C_LANGUAGE_STANDARD = gnu11;
				GCC_DYNAMIC_NO_PIC = NO;
				GCC_NO_COMMON_BLOCKS = YES;
				GCC_OPTIMIZATION_LEVEL = 0;
				GCC_PREPROCESSOR_DEFINITIONS = (
					"DEBUG=1",
					"$(inherited)",
				);
				GCC_WARN_64_TO_32_BIT_CONVERSION = YES;
				GCC_WARN_ABOUT_RETURN_TYPE = YES_ERROR;
				GCC_WARN_UNDECLARED_SELECTOR = YES;
				GCC_WARN_UNINITIALIZED_AUTOS = YES_AGGRESSIVE;
				GCC_WARN_UNUSED_FUNCTION = YES;
				GCC_WARN_UNUSED_VARIABLE = YES;
				IPHONEOS_DEPLOYMENT_TARGET = 12.2;
				MTL_ENABLE_DEBUG_INFO = INCLUDE_SOURCE;
				MTL_FAST_MATH = YES;
				ONLY_ACTIVE_ARCH = YES;
				SDKROOT = iphoneos;
				SWIFT_ACTIVE_COMPILATION_CONDITIONS = DEBUG;
				SWIFT_OPTIMIZATION_LEVEL = "-Onone";
			};
			name = Debug;
		};
		F146A1F2225030EE00EC8C68 /* Release */ = {
			isa = XCBuildConfiguration;
			buildSettings = {
				ALWAYS_SEARCH_USER_PATHS = NO;
				CLANG_ANALYZER_NONNULL = YES;
				CLANG_ANALYZER_NUMBER_OBJECT_CONVERSION = YES_AGGRESSIVE;
				CLANG_CXX_LANGUAGE_STANDARD = "gnu++14";
				CLANG_CXX_LIBRARY = "libc++";
				CLANG_ENABLE_MODULES = YES;
				CLANG_ENABLE_OBJC_ARC = YES;
				CLANG_ENABLE_OBJC_WEAK = YES;
				CLANG_WARN_BLOCK_CAPTURE_AUTORELEASING = YES;
				CLANG_WARN_BOOL_CONVERSION = YES;
				CLANG_WARN_COMMA = YES;
				CLANG_WARN_CONSTANT_CONVERSION = YES;
				CLANG_WARN_DEPRECATED_OBJC_IMPLEMENTATIONS = YES;
				CLANG_WARN_DIRECT_OBJC_ISA_USAGE = YES_ERROR;
				CLANG_WARN_DOCUMENTATION_COMMENTS = YES;
				CLANG_WARN_EMPTY_BODY = YES;
				CLANG_WARN_ENUM_CONVERSION = YES;
				CLANG_WARN_INFINITE_RECURSION = YES;
				CLANG_WARN_INT_CONVERSION = YES;
				CLANG_WARN_NON_LITERAL_NULL_CONVERSION = YES;
				CLANG_WARN_OBJC_IMPLICIT_RETAIN_SELF = YES;
				CLANG_WARN_OBJC_LITERAL_CONVERSION = YES;
				CLANG_WARN_OBJC_ROOT_CLASS = YES_ERROR;
				CLANG_WARN_RANGE_LOOP_ANALYSIS = YES;
				CLANG_WARN_STRICT_PROTOTYPES = YES;
				CLANG_WARN_SUSPICIOUS_MOVE = YES;
				CLANG_WARN_UNGUARDED_AVAILABILITY = YES_AGGRESSIVE;
				CLANG_WARN_UNREACHABLE_CODE = YES;
				CLANG_WARN__DUPLICATE_METHOD_MATCH = YES;
				CODE_SIGN_IDENTITY = "iPhone Developer";
				COPY_PHASE_STRIP = NO;
				DEBUG_INFORMATION_FORMAT = "dwarf-with-dsym";
				ENABLE_NS_ASSERTIONS = NO;
				ENABLE_STRICT_OBJC_MSGSEND = YES;
				GCC_C_LANGUAGE_STANDARD = gnu11;
				GCC_NO_COMMON_BLOCKS = YES;
				GCC_WARN_64_TO_32_BIT_CONVERSION = YES;
				GCC_WARN_ABOUT_RETURN_TYPE = YES_ERROR;
				GCC_WARN_UNDECLARED_SELECTOR = YES;
				GCC_WARN_UNINITIALIZED_AUTOS = YES_AGGRESSIVE;
				GCC_WARN_UNUSED_FUNCTION = YES;
				GCC_WARN_UNUSED_VARIABLE = YES;
				IPHONEOS_DEPLOYMENT_TARGET = 12.2;
				MTL_ENABLE_DEBUG_INFO = NO;
				MTL_FAST_MATH = YES;
				SDKROOT = iphoneos;
				SWIFT_COMPILATION_MODE = wholemodule;
				SWIFT_OPTIMIZATION_LEVEL = "-O";
				VALIDATE_PRODUCT = YES;
			};
			name = Release;
		};
		F146A1F4225030EE00EC8C68 /* Debug */ = {
			isa = XCBuildConfiguration;
			baseConfigurationReference = EDF08F4AA2F6DFFD5E894142 /* Pods-DBBackground.debug.xcconfig */;
			buildSettings = {
				ASSETCATALOG_COMPILER_APPICON_NAME = AppIcon;
				CODE_SIGN_STYLE = Automatic;
				DEVELOPMENT_TEAM = D2V7ZSDTJ9;
				INFOPLIST_FILE = DBBackground/Info.plist;
				LD_RUNPATH_SEARCH_PATHS = (
					"$(inherited)",
					"@executable_path/Frameworks",
				);
				PRODUCT_BUNDLE_IDENTIFIER = com.streylab.DBBackground;
				PRODUCT_NAME = "$(TARGET_NAME)";
				SWIFT_VERSION = 4.2;
				TARGETED_DEVICE_FAMILY = "1,2";
			};
			name = Debug;
		};
		F146A1F5225030EE00EC8C68 /* Release */ = {
			isa = XCBuildConfiguration;
			baseConfigurationReference = EEACD4A978F01A3165A0AD10 /* Pods-DBBackground.release.xcconfig */;
			buildSettings = {
				ASSETCATALOG_COMPILER_APPICON_NAME = AppIcon;
				CODE_SIGN_STYLE = Automatic;
				DEVELOPMENT_TEAM = D2V7ZSDTJ9;
				INFOPLIST_FILE = DBBackground/Info.plist;
				LD_RUNPATH_SEARCH_PATHS = (
					"$(inherited)",
					"@executable_path/Frameworks",
				);
				PRODUCT_BUNDLE_IDENTIFIER = com.streylab.DBBackground;
				PRODUCT_NAME = "$(TARGET_NAME)";
				SWIFT_VERSION = 4.2;
				TARGETED_DEVICE_FAMILY = "1,2";
			};
			name = Release;
		};
/* End XCBuildConfiguration section */

/* Begin XCConfigurationList section */
		F146A1DC225030ED00EC8C68 /* Build configuration list for PBXProject "DBBackground" */ = {
			isa = XCConfigurationList;
			buildConfigurations = (
				F146A1F1225030EE00EC8C68 /* Debug */,
				F146A1F2225030EE00EC8C68 /* Release */,
			);
			defaultConfigurationIsVisible = 0;
			defaultConfigurationName = Release;
		};
		F146A1F3225030EE00EC8C68 /* Build configuration list for PBXNativeTarget "DBBackground" */ = {
			isa = XCConfigurationList;
			buildConfigurations = (
				F146A1F4225030EE00EC8C68 /* Debug */,
				F146A1F5225030EE00EC8C68 /* Release */,
			);
			defaultConfigurationIsVisible = 0;
			defaultConfigurationName = Release;
		};
/* End XCConfigurationList section */
	};
	rootObject = F146A1D9225030ED00EC8C68 /* Project object */;
}
